Microsoft Visual Studio Solution File, Format Version 8.00
Project("{8BC9CEB8-8B4A-11D0-8D11-00A0C91BC942}") = "SSLProxyApp", "SSLProxyApp.vcproj", "{6EE3F8E9-B4B0-41B8-80F8-5A34B8D58A46}"
	ProjectSection(ProjectDependencies) = postProject
	EndProjectSection
EndProject
Global
	GlobalSection(SolutionConfiguration) = preSolution
		Debug = Debug
		Release = Release
	EndGlobalSection
	GlobalSection(ProjectConfiguration) = postSolution
		{6EE3F8E9-B4B0-41B8-80F8-5A34B8D58A46}.Debug.ActiveCfg = Debug|Win32
		{6EE3F8E9-B4B0-41B8-80F8-5A34B8D58A46}.Debug.Build.0 = Debug|Win32
		{6EE3F8E9-B4B0-41B8-80F8-5A34B8D58A46}.Release.ActiveCfg = Release|Win32
		{6EE3F8E9-B4B0-41B8-80F8-5A34B8D58A46}.Release.Build.0 = Release|Win32
	EndGlobalSection
	GlobalSection(ExtensibilityGlobals) = postSolution
	EndGlobalSection
	GlobalSection(ExtensibilityAddIns) = postSolution
	EndGlobalSection
EndGlobal
